// !$*UTF8*$!
{
	archiveVersion = 1;
	classes = {
	};
	objectVersion = 50;
	objects = {

/* Begin PBXBuildFile section */
		AA36B01821277F1A003CE99D /* AppDelegate.swift in Sources */ = {isa = PBXBuildFile; fileRef = AA36B01721277F1A003CE99D /* AppDelegate.swift */; };
		AA36B01A21277F1A003CE99D /* ViewController.swift in Sources */ = {isa = PBXBuildFile; fileRef = AA36B01921277F1A003CE99D /* ViewController.swift */; };
		AA36B01D21277F1A003CE99D /* Main.storyboard in Resources */ = {isa = PBXBuildFile; fileRef = AA36B01B21277F1A003CE99D /* Main.storyboard */; };
		AA36B01F21277F1C003CE99D /* Assets.xcassets in Resources */ = {isa = PBXBuildFile; fileRef = AA36B01E21277F1C003CE99D /* Assets.xcassets */; };
		AA36B02221277F1C003CE99D /* LaunchScreen.storyboard in Resources */ = {isa = PBXBuildFile; fileRef = AA36B02021277F1C003CE99D /* LaunchScreen.storyboard */; };
		AA36B02A212781C2003CE99D /* a-table-lamp.png in Resources */ = {isa = PBXBuildFile; fileRef = AA36B029212781C2003CE99D /* a-table-lamp.png */; };
/* End PBXBuildFile section */

/* Begin PBXFileReference section */
		AA36B01421277F1A003CE99D /* lampara.app */ = {isa = PBXFileReference; explicitFileType = wrapper.application; includeInIndex = 0; path = lampara.app; sourceTree = BUILT_PRODUCTS_DIR; };
		AA36B01721277F1A003CE99D /* AppDelegate.swift */ = {isa = PBXFileReference; lastKnownFileType = sourcecode.swift; path = AppDelegate.swift; sourceTree = "<group>"; };
		AA36B01921277F1A003CE99D /* ViewController.swift */ = {isa = PBXFileReference; lastKnownFileType = sourcecode.swift; path = ViewController.swift; sourceTree = "<group>"; };
		AA36B01C21277F1A003CE99D /* Base */ = {isa = PBXFileReference; lastKnownFileType = file.storyboard; name = Base; path = Base.lproj/Main.storyboard; sourceTree = "<group>"; };
		AA36B01E21277F1C003CE99D /* Assets.xcassets */ = {isa = PBXFileReference; lastKnownFileType = folder.assetcatalog; path = Assets.xcassets; sourceTree = "<group>"; };
		AA36B02121277F1C003CE99D /* Base */ = {isa = PBXFileReference; lastKnownFileType = file.storyboard; name = Base; path = Base.lproj/LaunchScreen.storyboard; sourceTree = "<group>"; };
		AA36B02321277F1C003CE99D /* Info.plist */ = {isa = PBXFileReference; lastKnownFileType = text.plist.xml; path = Info.plist; sourceTree = "<group>"; };
		AA36B029212781C2003CE99D /* a-table-lamp.png */ = {isa = PBXFileReference; lastKnownFileType = image.png; path = "a-table-lamp.png"; sourceTree = "<group>"; };
/* End PBXFileReference section */

/* Begin PBXFrameworksBuildPhase section */
		AA36B01121277F1A003CE99D /* Frameworks */ = {
			isa = PBXFrameworksBuildPhase;
			buildActionMask = 2147483647;
			files = (
			);
			runOnlyForDeploymentPostprocessing = 0;
		};
/* End PBXFrameworksBuildPhase section */

/* Begin PBXGroup section */
		AA36B00B21277F1A003CE99D = {
			isa = PBXGroup;
			children = (
				AA36B01621277F1A003CE99D /* lampara */,
				AA36B01521277F1A003CE99D /* Products */,
			);
			sourceTree = "<group>";
		};
		AA36B01521277F1A003CE99D /* Products */ = {
			isa = PBXGroup;
			children = (
				AA36B01421277F1A003CE99D /* lampara.app */,
			);
			name = Products;
			sourceTree = "<group>";
		};
		AA36B01621277F1A003CE99D /* lampara */ = {
			isa = PBXGroup;
			children = (
				AA36B01721277F1A003CE99D /* AppDelegate.swift */,
				AA36B01921277F1A003CE99D /* ViewController.swift */,
				AA36B01B21277F1A003CE99D /* Main.storyboard */,
				AA36B01E21277F1C003CE99D /* Assets.xcassets */,
				AA36B029212781C2003CE99D /* a-table-lamp.png */,
				AA36B02021277F1C003CE99D /* LaunchScreen.storyboard */,
				AA36B02321277F1C003CE99D /* Info.plist */,
			);
			path = lampara;
			sourceTree = "<group>";
		};
/* End PBXGroup section */

/* Begin PBXNativeTarget section */
		AA36B01321277F1A003CE99D /* lampara */ = {
			isa = PBXNativeTarget;
			buildConfigurationList = AA36B02621277F1C003CE99D /* Build configuration list for PBXNativeTarget "lampara" */;
			buildPhases = (
				AA36B01021277F1A003CE99D /* Sources */,
				AA36B01121277F1A003CE99D /* Frameworks */,
				AA36B01221277F1A003CE99D /* Resources */,
			);
			buildRules = (
			);
			dependencies = (
			);
			name = lampara;
			productName = lampara;
			productReference = AA36B01421277F1A003CE99D /* lampara.app */;
			productType = "com.apple.product-type.application";
		};
/* End PBXNativeTarget section */

/* Begin PBXProject section */
		AA36B00C21277F1A003CE99D /* Project object */ = {
			isa = PBXProject;
			attributes = {
				LastSwiftUpdateCheck = 0940;
				LastUpgradeCheck = 0940;
				ORGANIZATIONNAME = Servicio;
				TargetAttributes = {
					AA36B01321277F1A003CE99D = {
						CreatedOnToolsVersion = 9.4.1;
					};
				};
			};
			buildConfigurationList = AA36B00F21277F1A003CE99D /* Build configuration list for PBXProject "lampara" */;
			compatibilityVersion = "Xcode 9.3";
			developmentRegion = en;
			hasScannedForEncodings = 0;
			knownRegions = (
				en,
				Base,
			);
			mainGroup = AA36B00B21277F1A003CE99D;
			productRefGroup = AA36B01521277F1A003CE99D /* Products */;
			projectDirPath = "";
			projectRoot = "";
			targets = (
				AA36B01321277F1A003CE99D /* lampara */,
			);
		};
/* End PBXProject section */

/* Begin PBXResourcesBuildPhase section */
		AA36B01221277F1A003CE99D /* Resources */ = {
			isa = PBXResourcesBuildPhase;
			buildActionMask = 2147483647;
			files = (
				AA36B02A212781C2003CE99D /* a-table-lamp.png in Resources */,
				AA36B02221277F1C003CE99D /* LaunchScreen.storyboard in Resources */,
				AA36B01F21277F1C003CE99D /* Assets.xcassets in Resources */,
				AA36B01D21277F1A003CE99D /* Main.storyboard in Resources */,
			);
			runOnlyForDeploymentPostprocessing = 0;
		};
/* End PBXResourcesBuildPhase section */

/* Begin PBXSourcesBuildPhase section */
		AA36B01021277F1A003CE99D /* Sources */ = {
			isa = PBXSourcesBuildPhase;
			buildActionMask = 2147483647;
			files = (
				AA36B01A21277F1A003CE99D /* ViewController.swift in Sources */,
				AA36B01821277F1A003CE99D /* AppDelegate.swift in Sources */,
			);
			runOnlyForDeploymentPostprocessing = 0;
		};
/* End PBXSourcesBuildPhase section */

/* Begin PBXVariantGroup section */
		AA36B01B21277F1A003CE99D /* Main.storyboard */ = {
			isa = PBXVariantGroup;
			children = (
				AA36B01C21277F1A003CE99D /* Base */,
			);
			name = Main.storyboard;
			sourceTree = "<group>";
		};
		AA36B02021277F1C003CE99D /* LaunchScreen.storyboard */ = {
			isa = PBXVariantGroup;
			children = (
				AA36B02121277F1C003CE99D /* Base */,
			);
			name = LaunchScreen.storyboard;
			sourceTree = "<group>";
		};
/* End PBXVariantGroup section */

/* Begin XCBuildConfiguration section */
		AA36B02421277F1C003CE99D /* Debug */ = {
			isa = XCBuildConfiguration;
			buildSettings = {
				ALWAYS_SEARCH_USER_PATHS = NO;
				CLANG_ANALYZER_NONNULL = YES;
				CLANG_ANALYZER_NUMBER_OBJECT_CONVERSION = YES_AGGRESSIVE;
				CLANG_CXX_LANGUAGE_STANDARD = "gnu++14";
				CLANG_CXX_LIBRARY = "libc++";
				CLANG_ENABLE_MODULES = YES;
				CLANG_ENABLE_OBJC_ARC = YES;
				CLANG_ENABLE_OBJC_WEAK = YES;
				CLANG_WARN_BLOCK_CAPTURE_AUTORELEASING = YES;
				CLANG_WARN_BOOL_CONVERSION = YES;
				CLANG_WARN_COMMA = YES;
				CLANG_WARN_CONSTANT_CONVERSION = YES;
				CLANG_WARN_DEPRECATED_OBJC_IMPLEMENTATIONS = YES;
				CLANG_WARN_DIRECT_OBJC_ISA_USAGE = YES_ERROR;
				CLANG_WARN_DOCUMENTATION_COMMENTS = YES;
				CLANG_WARN_EMPTY_BODY = YES;
				CLANG_WARN_ENUM_CONVERSION = YES;
				CLANG_WARN_INFINITE_RECURSION = YES;
				CLANG_WARN_INT_CONVERSION = YES;
				CLANG_WARN_NON_LITERAL_NULL_CONVERSION = YES;
				CLANG_WARN_OBJC_IMPLICIT_RETAIN_SELF = YES;
				CLANG_WARN_OBJC_LITERAL_CONVERSION = YES;
				CLANG_WARN_OBJC_ROOT_CLASS = YES_ERROR;
				CLANG_WARN_RANGE_LOOP_ANALYSIS = YES;
				CLANG_WARN_STRICT_PROTOTYPES = YES;
				CLANG_WARN_SUSPICIOUS_MOVE = YES;
				CLANG_WARN_UNGUARDED_AVAILABILITY = YES_AGGRESSIVE;
				CLANG_WARN_UNREACHABLE_CODE = YES;
				CLANG_WARN__DUPLICATE_METHOD_MATCH = YES;
				CODE_SIGN_IDENTITY = "iPhone Developer";
				COPY_PHASE_STRIP = NO;
				DEBUG_INFORMATION_FORMAT = dwarf;
				ENABLE_STRICT_OBJC_MSGSEND = YES;
				ENABLE_TESTABILITY = YES;
				GCC_C_LANGUAGE_STANDARD = gnu11;
				GCC_DYNAMIC_NO_PIC = NO;
				GCC_NO_COMMON_BLOCKS = YES;
				GCC_OPTIMIZATION_LEVEL = 0;
				GCC_PREPROCESSOR_DEFINITIONS = (
					"DEBUG=1",
					"$(inherited)",
				);
				GCC_WARN_64_TO_32_BIT_CONVERSION = YES;
				GCC_WARN_ABOUT_RETURN_TYPE = YES_ERROR;
				GCC_WARN_UNDECLARED_SELECTOR = YES;
				GCC_WARN_UNINITIALIZED_AUTOS = YES_AGGRESSIVE;
				GCC_WARN_UNUSED_FUNCTION = YES;
				GCC_WARN_UNUSED_VARIABLE = YES;
				IPHONEOS_DEPLOYMENT_TARGET = 11.4;
				MTL_ENABLE_DEBUG_INFO = YES;
				ONLY_ACTIVE_ARCH = YES;
				SDKROOT = iphoneos;
				SWIFT_ACTIVE_COMPILATION_CONDITIONS = DEBUG;
				SWIFT_OPTIMIZATION_LEVEL = "-Onone";
			};
			name = Debug;
		};
		AA36B02521277F1C003CE99D /* Release */ = {
			isa = XCBuildConfiguration;
			buildSettings = {
				ALWAYS_SEARCH_USER_PATHS = NO;
				CLANG_ANALYZER_NONNULL = YES;
				CLANG_ANALYZER_NUMBER_OBJECT_CONVERSION = YES_AGGRESSIVE;
				CLANG_CXX_LANGUAGE_STANDARD = "gnu++14";
				CLANG_CXX_LIBRARY = "libc++";
				CLANG_ENABLE_MODULES = YES;
				CLANG_ENABLE_OBJC_ARC = YES;
				CLANG_ENABLE_OBJC_WEAK = YES;
				CLANG_WARN_BLOCK_CAPTURE_AUTORELEASING = YES;
				CLANG_WARN_BOOL_CONVERSION = YES;
				CLANG_WARN_COMMA = YES;
				CLANG_WARN_CONSTANT_CONVERSION = YES;
				CLANG_WARN_DEPRECATED_OBJC_IMPLEMENTATIONS = YES;
				CLANG_WARN_DIRECT_OBJC_ISA_USAGE = YES_ERROR;
				CLANG_WARN_DOCUMENTATION_COMMENTS = YES;
				CLANG_WARN_EMPTY_BODY = YES;
				CLANG_WARN_ENUM_CONVERSION = YES;
				CLANG_WARN_INFINITE_RECURSION = YES;
				CLANG_WARN_INT_CONVERSION = YES;
				CLANG_WARN_NON_LITERAL_NULL_CONVERSION = YES;
				CLANG_WARN_OBJC_IMPLICIT_RETAIN_SELF = YES;
				CLANG_WARN_OBJC_LITERAL_CONVERSION = YES;
				CLANG_WARN_OBJC_ROOT_CLASS = YES_ERROR;
				CLANG_WARN_RANGE_LOOP_ANALYSIS = YES;
				CLANG_WARN_STRICT_PROTOTYPES = YES;
				CLANG_WARN_SUSPICIOUS_MOVE = YES;
				CLANG_WARN_UNGUARDED_AVAILABILITY = YES_AGGRESSIVE;
				CLANG_WARN_UNREACHABLE_CODE = YES;
				CLANG_WARN__DUPLICATE_METHOD_MATCH = YES;
				CODE_SIGN_IDENTITY = "iPhone Developer";
				COPY_PHASE_STRIP = NO;
				DEBUG_INFORMATION_FORMAT = "dwarf-with-dsym";
				ENABLE_NS_ASSERTIONS = NO;
				ENABLE_STRICT_OBJC_MSGSEND = YES;
				GCC_C_LANGUAGE_STANDARD = gnu11;
				GCC_NO_COMMON_BLOCKS = YES;
				GCC_WARN_64_TO_32_BIT_CONVERSION = YES;
				GCC_WARN_ABOUT_RETURN_TYPE = YES_ERROR;
				GCC_WARN_UNDECLARED_SELECTOR = YES;
				GCC_WARN_UNINITIALIZED_AUTOS = YES_AGGRESSIVE;
				GCC_WARN_UNUSED_FUNCTION = YES;
				GCC_WARN_UNUSED_VARIABLE = YES;
				IPHONEOS_DEPLOYMENT_TARGET = 11.4;
				MTL_ENABLE_DEBUG_INFO = NO;
				SDKROOT = iphoneos;
				SWIFT_COMPILATION_MODE = wholemodule;
				SWIFT_OPTIMIZATION_LEVEL = "-O";
				VALIDATE_PRODUCT = YES;
			};
			name = Release;
		};
		AA36B02721277F1C003CE99D /* Debug */ = {
			isa = XCBuildConfiguration;
			buildSettings = {
				ASSETCATALOG_COMPILER_APPICON_NAME = AppIcon;
				CODE_SIGN_STYLE = Automatic;
				DEVELOPMENT_TEAM = 64JCH64F5Y;
				INFOPLIST_FILE = lampara/Info.plist;
				LD_RUNPATH_SEARCH_PATHS = (
					"$(inherited)",
					"@executable_path/Frameworks",
				);
				PRODUCT_BUNDLE_IDENTIFIER = "-11198494.lampara";
				PRODUCT_NAME = "$(TARGET_NAME)";
				SWIFT_VERSION = 4.0;
				TARGETED_DEVICE_FAMILY = "1,2";
			};
			name = Debug;
		};
		AA36B02821277F1C003CE99D /* Release */ = {
			isa = XCBuildConfiguration;
			buildSettings = {
				ASSETCATALOG_COMPILER_APPICON_NAME = AppIcon;
				CODE_SIGN_STYLE = Automatic;
				DEVELOPMENT_TEAM = 64JCH64F5Y;
				INFOPLIST_FILE = lampara/Info.plist;
				LD_RUNPATH_SEARCH_PATHS = (
					"$(inherited)",
					"@executable_path/Frameworks",
				);
				PRODUCT_BUNDLE_IDENTIFIER = "-11198494.lampara";
				PRODUCT_NAME = "$(TARGET_NAME)";
				SWIFT_VERSION = 4.0;
				TARGETED_DEVICE_FAMILY = "1,2";
			};
			name = Release;
		};
/* End XCBuildConfiguration section */

/* Begin XCConfigurationList section */
		AA36B00F21277F1A003CE99D /* Build configuration list for PBXProject "lampara" */ = {
			isa = XCConfigurationList;
			buildConfigurations = (
				AA36B02421277F1C003CE99D /* Debug */,
				AA36B02521277F1C003CE99D /* Release */,
			);
			defaultConfigurationIsVisible = 0;
			defaultConfigurationName = Release;
		};
		AA36B02621277F1C003CE99D /* Build configuration list for PBXNativeTarget "lampara" */ = {
			isa = XCConfigurationList;
			buildConfigurations = (
				AA36B02721277F1C003CE99D /* Debug */,
				AA36B02821277F1C003CE99D /* Release */,
			);
			defaultConfigurationIsVisible = 0;
			defaultConfigurationName = Release;
		};
/* End XCConfigurationList section */
	};
	rootObject = AA36B00C21277F1A003CE99D /* Project object */;
}
